
Microsoft Visual Studio Solution File, Format Version 12.00
# Visual Studio Version 16
VisualStudioVersion = 16.0.28803.352
MinimumVisualStudioVersion = 10.0.40219.1
Project("{FAE04EC0-301F-11D3-BF4B-00C04F79EFBC}") = "BuyingCatalogueTests", "BuyingCatalogueTests\BuyingCatalogueTests.csproj", "{EE914F60-D63B-4658-91AF-46C4A9016467}"
EndProject
Global
	GlobalSection(SolutionConfigurationPlatforms) = preSolution
		Debug|Any CPU = Debug|Any CPU
		Release|Any CPU = Release|Any CPU
	EndGlobalSection
	GlobalSection(ProjectConfigurationPlatforms) = postSolution
		{EE914F60-D63B-4658-91AF-46C4A9016467}.Debug|Any CPU.ActiveCfg = Debug|Any CPU
		{EE914F60-D63B-4658-91AF-46C4A9016467}.Debug|Any CPU.Build.0 = Debug|Any CPU
		{EE914F60-D63B-4658-91AF-46C4A9016467}.Release|Any CPU.ActiveCfg = Release|Any CPU
		{EE914F60-D63B-4658-91AF-46C4A9016467}.Release|Any CPU.Build.0 = Release|Any CPU
	EndGlobalSection
	GlobalSection(SolutionProperties) = preSolution
		HideSolutionNode = FALSE
	EndGlobalSection
	GlobalSection(ExtensibilityGlobals) = postSolution
		SolutionGuid = {655351D5-99A3-4A2E-B95D-137C2E7C3F2B}
	EndGlobalSection
EndGlobal
